
Microsoft Visual Studio Solution File, Format Version 12.00
# Visual Studio Version 17
VisualStudioVersion = 17.10.35122.118
MinimumVisualStudioVersion = 10.0.40219.1
Project("{FAE04EC0-301F-11D3-BF4B-00C04F79EFBC}") = "Application", "Application\Application.csproj", "{29EA04EA-9208-42F3-BFFC-59E24CEE98A8}"
EndProject
Project("{FAE04EC0-301F-11D3-BF4B-00C04F79EFBC}") = "Infrastructure", "Infrastructure\Infrastructure.csproj", "{B4D45ACA-023A-44CF-8ED0-0219EF21C9F7}"
EndProject
Project("{FAE04EC0-301F-11D3-BF4B-00C04F79EFBC}") = "Domain", "Domain\Domain.csproj", "{02E52308-3573-4DC8-93A6-0EE5E470DC92}"
EndProject
Project("{FAE04EC0-301F-11D3-BF4B-00C04F79EFBC}") = "WebUI", "WebUI\WebUI.csproj", "{37C03DA3-5FF4-462D-B6C7-E4F8E3A59DAE}"
EndProject
Global
	GlobalSection(SolutionConfigurationPlatforms) = preSolution
		Debug|Any CPU = Debug|Any CPU
		Release|Any CPU = Release|Any CPU
	EndGlobalSection
	GlobalSection(ProjectConfigurationPlatforms) = postSolution
		{29EA04EA-9208-42F3-BFFC-59E24CEE98A8}.Debug|Any CPU.ActiveCfg = Debug|Any CPU
		{29EA04EA-9208-42F3-BFFC-59E24CEE98A8}.Debug|Any CPU.Build.0 = Debug|Any CPU
		{29EA04EA-9208-42F3-BFFC-59E24CEE98A8}.Release|Any CPU.ActiveCfg = Release|Any CPU
		{29EA04EA-9208-42F3-BFFC-59E24CEE98A8}.Release|Any CPU.Build.0 = Release|Any CPU
		{B4D45ACA-023A-44CF-8ED0-0219EF21C9F7}.Debug|Any CPU.ActiveCfg = Debug|Any CPU
		{B4D45ACA-023A-44CF-8ED0-0219EF21C9F7}.Debug|Any CPU.Build.0 = Debug|Any CPU
		{B4D45ACA-023A-44CF-8ED0-0219EF21C9F7}.Release|Any CPU.ActiveCfg = Release|Any CPU
		{B4D45ACA-023A-44CF-8ED0-0219EF21C9F7}.Release|Any CPU.Build.0 = Release|Any CPU
		{02E52308-3573-4DC8-93A6-0EE5E470DC92}.Debug|Any CPU.ActiveCfg = Debug|Any CPU
		{02E52308-3573-4DC8-93A6-0EE5E470DC92}.Debug|Any CPU.Build.0 = Debug|Any CPU
		{02E52308-3573-4DC8-93A6-0EE5E470DC92}.Release|Any CPU.ActiveCfg = Release|Any CPU
		{02E52308-3573-4DC8-93A6-0EE5E470DC92}.Release|Any CPU.Build.0 = Release|Any CPU
		{37C03DA3-5FF4-462D-B6C7-E4F8E3A59DAE}.Debug|Any CPU.ActiveCfg = Debug|Any CPU
		{37C03DA3-5FF4-462D-B6C7-E4F8E3A59DAE}.Debug|Any CPU.Build.0 = Debug|Any CPU
		{37C03DA3-5FF4-462D-B6C7-E4F8E3A59DAE}.Release|Any CPU.ActiveCfg = Release|Any CPU
		{37C03DA3-5FF4-462D-B6C7-E4F8E3A59DAE}.Release|Any CPU.Build.0 = Release|Any CPU
	EndGlobalSection
	GlobalSection(SolutionProperties) = preSolution
		HideSolutionNode = FALSE
	EndGlobalSection
	GlobalSection(ExtensibilityGlobals) = postSolution
		SolutionGuid = {4E695A5B-7A80-4659-B9AC-DEE90FF6A3C4}
	EndGlobalSection
EndGlobal
